
Microsoft Visual Studio Solution File, Format Version 12.00
# Visual Studio Version 16
VisualStudioVersion = 16.0.30309.148
MinimumVisualStudioVersion = 10.0.40219.1
Project("{FAE04EC0-301F-11D3-BF4B-00C04F79EFBC}") = "KP.OrderMGT.API", "KP.OrderMGT.API\KP.OrderMGT.API.csproj", "{F1CE438D-2AD3-4537-9370-0EE9AF48C875}"
EndProject
Project("{FAE04EC0-301F-11D3-BF4B-00C04F79EFBC}") = "KP.OrderMGT.BL", "KP.OrderMGT.BL\KP.OrderMGT.BL.csproj", "{35F8F705-5794-4F2D-AB60-E8872CA40120}"
EndProject
Global
	GlobalSection(SolutionConfigurationPlatforms) = preSolution
		Debug|Any CPU = Debug|Any CPU
		Release|Any CPU = Release|Any CPU
	EndGlobalSection
	GlobalSection(ProjectConfigurationPlatforms) = postSolution
		{F1CE438D-2AD3-4537-9370-0EE9AF48C875}.Debug|Any CPU.ActiveCfg = Debug|Any CPU
		{F1CE438D-2AD3-4537-9370-0EE9AF48C875}.Debug|Any CPU.Build.0 = Debug|Any CPU
		{F1CE438D-2AD3-4537-9370-0EE9AF48C875}.Release|Any CPU.ActiveCfg = Release|Any CPU
		{F1CE438D-2AD3-4537-9370-0EE9AF48C875}.Release|Any CPU.Build.0 = Release|Any CPU
		{35F8F705-5794-4F2D-AB60-E8872CA40120}.Debug|Any CPU.ActiveCfg = Debug|Any CPU
		{35F8F705-5794-4F2D-AB60-E8872CA40120}.Debug|Any CPU.Build.0 = Debug|Any CPU
		{35F8F705-5794-4F2D-AB60-E8872CA40120}.Release|Any CPU.ActiveCfg = Release|Any CPU
		{35F8F705-5794-4F2D-AB60-E8872CA40120}.Release|Any CPU.Build.0 = Release|Any CPU
	EndGlobalSection
	GlobalSection(SolutionProperties) = preSolution
		HideSolutionNode = FALSE
	EndGlobalSection
	GlobalSection(ExtensibilityGlobals) = postSolution
		SolutionGuid = {5E3E243D-E784-4262-96DF-CE01D827EBC2}
	EndGlobalSection
EndGlobal
